// !$*UTF8*$!
{
	archiveVersion = 1;
	classes = {
	};
	objectVersion = 55;
	objects = {

/* Begin PBXBuildFile section */
		CEAE3FFA2858E35200A9DC51 /* AppDelegate.swift in Sources */ = {isa = PBXBuildFile; fileRef = CEAE3FF92858E35200A9DC51 /* AppDelegate.swift */; };
		CEAE3FFC2858E35200A9DC51 /* SceneDelegate.swift in Sources */ = {isa = PBXBuildFile; fileRef = CEAE3FFB2858E35200A9DC51 /* SceneDelegate.swift */; };
		CEAE3FFE2858E35200A9DC51 /* ViewController.swift in Sources */ = {isa = PBXBuildFile; fileRef = CEAE3FFD2858E35200A9DC51 /* ViewController.swift */; };
		CEAE40012858E35200A9DC51 /* Main.storyboard in Resources */ = {isa = PBXBuildFile; fileRef = CEAE3FFF2858E35200A9DC51 /* Main.storyboard */; };
		CEAE40032858E35600A9DC51 /* Assets.xcassets in Resources */ = {isa = PBXBuildFile; fileRef = CEAE40022858E35600A9DC51 /* Assets.xcassets */; };
		CEAE40062858E35600A9DC51 /* LaunchScreen.storyboard in Resources */ = {isa = PBXBuildFile; fileRef = CEAE40042858E35600A9DC51 /* LaunchScreen.storyboard */; };
		CEAE400E2858EC7300A9DC51 /* TraillerViewController.swift in Sources */ = {isa = PBXBuildFile; fileRef = CEAE400D2858EC7300A9DC51 /* TraillerViewController.swift */; };
		CEAE4010285901AF00A9DC51 /* Trailer.swift in Sources */ = {isa = PBXBuildFile; fileRef = CEAE400F285901AF00A9DC51 /* Trailer.swift */; };
		CEAE40122859021200A9DC51 /* trailers.json in Resources */ = {isa = PBXBuildFile; fileRef = CEAE40112859021200A9DC51 /* trailers.json */; };
/* End PBXBuildFile section */

/* Begin PBXFileReference section */
		CEAE3FF62858E35200A9DC51 /* TrailerFlix.app */ = {isa = PBXFileReference; explicitFileType = wrapper.application; includeInIndex = 0; path = TrailerFlix.app; sourceTree = BUILT_PRODUCTS_DIR; };
		CEAE3FF92858E35200A9DC51 /* AppDelegate.swift */ = {isa = PBXFileReference; lastKnownFileType = sourcecode.swift; path = AppDelegate.swift; sourceTree = "<group>"; };
		CEAE3FFB2858E35200A9DC51 /* SceneDelegate.swift */ = {isa = PBXFileReference; lastKnownFileType = sourcecode.swift; path = SceneDelegate.swift; sourceTree = "<group>"; };
		CEAE3FFD2858E35200A9DC51 /* ViewController.swift */ = {isa = PBXFileReference; lastKnownFileType = sourcecode.swift; path = ViewController.swift; sourceTree = "<group>"; };
		CEAE40002858E35200A9DC51 /* Base */ = {isa = PBXFileReference; lastKnownFileType = file.storyboard; name = Base; path = Base.lproj/Main.storyboard; sourceTree = "<group>"; };
		CEAE40022858E35600A9DC51 /* Assets.xcassets */ = {isa = PBXFileReference; lastKnownFileType = folder.assetcatalog; path = Assets.xcassets; sourceTree = "<group>"; };
		CEAE40052858E35600A9DC51 /* Base */ = {isa = PBXFileReference; lastKnownFileType = file.storyboard; name = Base; path = Base.lproj/LaunchScreen.storyboard; sourceTree = "<group>"; };
		CEAE40072858E35600A9DC51 /* Info.plist */ = {isa = PBXFileReference; lastKnownFileType = text.plist.xml; path = Info.plist; sourceTree = "<group>"; };
		CEAE400D2858EC7300A9DC51 /* TraillerViewController.swift */ = {isa = PBXFileReference; lastKnownFileType = sourcecode.swift; path = TraillerViewController.swift; sourceTree = "<group>"; };
		CEAE400F285901AF00A9DC51 /* Trailer.swift */ = {isa = PBXFileReference; lastKnownFileType = sourcecode.swift; path = Trailer.swift; sourceTree = "<group>"; };
		CEAE40112859021200A9DC51 /* trailers.json */ = {isa = PBXFileReference; fileEncoding = 4; lastKnownFileType = text.json; path = trailers.json; sourceTree = "<group>"; };
/* End PBXFileReference section */

/* Begin PBXFrameworksBuildPhase section */
		CEAE3FF32858E35200A9DC51 /* Frameworks */ = {
			isa = PBXFrameworksBuildPhase;
			buildActionMask = 2147483647;
			files = (
			);
			runOnlyForDeploymentPostprocessing = 0;
		};
/* End PBXFrameworksBuildPhase section */

/* Begin PBXGroup section */
		CEAE3FED2858E35200A9DC51 = {
			isa = PBXGroup;
			children = (
				CEAE3FF82858E35200A9DC51 /* TrailerFlix */,
				CEAE3FF72858E35200A9DC51 /* Products */,
			);
			sourceTree = "<group>";
		};
		CEAE3FF72858E35200A9DC51 /* Products */ = {
			isa = PBXGroup;
			children = (
				CEAE3FF62858E35200A9DC51 /* TrailerFlix.app */,
			);
			name = Products;
			sourceTree = "<group>";
		};
		CEAE3FF82858E35200A9DC51 /* TrailerFlix */ = {
			isa = PBXGroup;
			children = (
				CEAE3FF92858E35200A9DC51 /* AppDelegate.swift */,
				CEAE3FFB2858E35200A9DC51 /* SceneDelegate.swift */,
				CEAE3FFD2858E35200A9DC51 /* ViewController.swift */,
				CEAE400F285901AF00A9DC51 /* Trailer.swift */,
				CEAE40112859021200A9DC51 /* trailers.json */,
				CEAE3FFF2858E35200A9DC51 /* Main.storyboard */,
				CEAE400D2858EC7300A9DC51 /* TraillerViewController.swift */,
				CEAE40022858E35600A9DC51 /* Assets.xcassets */,
				CEAE40042858E35600A9DC51 /* LaunchScreen.storyboard */,
				CEAE40072858E35600A9DC51 /* Info.plist */,
			);
			path = TrailerFlix;
			sourceTree = "<group>";
		};
/* End PBXGroup section */

/* Begin PBXNativeTarget section */
		CEAE3FF52858E35200A9DC51 /* TrailerFlix */ = {
			isa = PBXNativeTarget;
			buildConfigurationList = CEAE400A2858E35600A9DC51 /* Build configuration list for PBXNativeTarget "TrailerFlix" */;
			buildPhases = (
				CEAE3FF22858E35200A9DC51 /* Sources */,
				CEAE3FF32858E35200A9DC51 /* Frameworks */,
				CEAE3FF42858E35200A9DC51 /* Resources */,
			);
			buildRules = (
			);
			dependencies = (
			);
			name = TrailerFlix;
			productName = TrailerFlix;
			productReference = CEAE3FF62858E35200A9DC51 /* TrailerFlix.app */;
			productType = "com.apple.product-type.application";
		};
/* End PBXNativeTarget section */

/* Begin PBXProject section */
		CEAE3FEE2858E35200A9DC51 /* Project object */ = {
			isa = PBXProject;
			attributes = {
				BuildIndependentTargetsInParallel = 1;
				LastSwiftUpdateCheck = 1330;
				LastUpgradeCheck = 1330;
				TargetAttributes = {
					CEAE3FF52858E35200A9DC51 = {
						CreatedOnToolsVersion = 13.3;
					};
				};
			};
			buildConfigurationList = CEAE3FF12858E35200A9DC51 /* Build configuration list for PBXProject "TrailerFlix" */;
			compatibilityVersion = "Xcode 13.0";
			developmentRegion = en;
			hasScannedForEncodings = 0;
			knownRegions = (
				en,
				Base,
			);
			mainGroup = CEAE3FED2858E35200A9DC51;
			productRefGroup = CEAE3FF72858E35200A9DC51 /* Products */;
			projectDirPath = "";
			projectRoot = "";
			targets = (
				CEAE3FF52858E35200A9DC51 /* TrailerFlix */,
			);
		};
/* End PBXProject section */

/* Begin PBXResourcesBuildPhase section */
		CEAE3FF42858E35200A9DC51 /* Resources */ = {
			isa = PBXResourcesBuildPhase;
			buildActionMask = 2147483647;
			files = (
				CEAE40062858E35600A9DC51 /* LaunchScreen.storyboard in Resources */,
				CEAE40032858E35600A9DC51 /* Assets.xcassets in Resources */,
				CEAE40012858E35200A9DC51 /* Main.storyboard in Resources */,
				CEAE40122859021200A9DC51 /* trailers.json in Resources */,
			);
			runOnlyForDeploymentPostprocessing = 0;
		};
/* End PBXResourcesBuildPhase section */

/* Begin PBXSourcesBuildPhase section */
		CEAE3FF22858E35200A9DC51 /* Sources */ = {
			isa = PBXSourcesBuildPhase;
			buildActionMask = 2147483647;
			files = (
				CEAE3FFE2858E35200A9DC51 /* ViewController.swift in Sources */,
				CEAE4010285901AF00A9DC51 /* Trailer.swift in Sources */,
				CEAE400E2858EC7300A9DC51 /* TraillerViewController.swift in Sources */,
				CEAE3FFA2858E35200A9DC51 /* AppDelegate.swift in Sources */,
				CEAE3FFC2858E35200A9DC51 /* SceneDelegate.swift in Sources */,
			);
			runOnlyForDeploymentPostprocessing = 0;
		};
/* End PBXSourcesBuildPhase section */

/* Begin PBXVariantGroup section */
		CEAE3FFF2858E35200A9DC51 /* Main.storyboard */ = {
			isa = PBXVariantGroup;
			children = (
				CEAE40002858E35200A9DC51 /* Base */,
			);
			name = Main.storyboard;
			sourceTree = "<group>";
		};
		CEAE40042858E35600A9DC51 /* LaunchScreen.storyboard */ = {
			isa = PBXVariantGroup;
			children = (
				CEAE40052858E35600A9DC51 /* Base */,
			);
			name = LaunchScreen.storyboard;
			sourceTree = "<group>";
		};
/* End PBXVariantGroup section */

/* Begin XCBuildConfiguration section */
		CEAE40082858E35600A9DC51 /* Debug */ = {
			isa = XCBuildConfiguration;
			buildSettings = {
				ALWAYS_SEARCH_USER_PATHS = NO;
				CLANG_ANALYZER_NONNULL = YES;
				CLANG_ANALYZER_NUMBER_OBJECT_CONVERSION = YES_AGGRESSIVE;
				CLANG_CXX_LANGUAGE_STANDARD = "gnu++17";
				CLANG_ENABLE_MODULES = YES;
				CLANG_ENABLE_OBJC_ARC = YES;
				CLANG_ENABLE_OBJC_WEAK = YES;
				CLANG_WARN_BLOCK_CAPTURE_AUTORELEASING = YES;
				CLANG_WARN_BOOL_CONVERSION = YES;
				CLANG_WARN_COMMA = YES;
				CLANG_WARN_CONSTANT_CONVERSION = YES;
				CLANG_WARN_DEPRECATED_OBJC_IMPLEMENTATIONS = YES;
				CLANG_WARN_DIRECT_OBJC_ISA_USAGE = YES_ERROR;
				CLANG_WARN_DOCUMENTATION_COMMENTS = YES;
				CLANG_WARN_EMPTY_BODY = YES;
				CLANG_WARN_ENUM_CONVERSION = YES;
				CLANG_WARN_INFINITE_RECURSION = YES;
				CLANG_WARN_INT_CONVERSION = YES;
				CLANG_WARN_NON_LITERAL_NULL_CONVERSION = YES;
				CLANG_WARN_OBJC_IMPLICIT_RETAIN_SELF = YES;
				CLANG_WARN_OBJC_LITERAL_CONVERSION = YES;
				CLANG_WARN_OBJC_ROOT_CLASS = YES_ERROR;
				CLANG_WARN_QUOTED_INCLUDE_IN_FRAMEWORK_HEADER = YES;
				CLANG_WARN_RANGE_LOOP_ANALYSIS = YES;
				CLANG_WARN_STRICT_PROTOTYPES = YES;
				CLANG_WARN_SUSPICIOUS_MOVE = YES;
				CLANG_WARN_UNGUARDED_AVAILABILITY = YES_AGGRESSIVE;
				CLANG_WARN_UNREACHABLE_CODE = YES;
				CLANG_WARN__DUPLICATE_METHOD_MATCH = YES;
				COPY_PHASE_STRIP = NO;
				DEBUG_INFORMATION_FORMAT = dwarf;
				ENABLE_STRICT_OBJC_MSGSEND = YES;
				ENABLE_TESTABILITY = YES;
				GCC_C_LANGUAGE_STANDARD = gnu11;
				GCC_DYNAMIC_NO_PIC = NO;
				GCC_NO_COMMON_BLOCKS = YES;
				GCC_OPTIMIZATION_LEVEL = 0;
				GCC_PREPROCESSOR_DEFINITIONS = (
					"DEBUG=1",
					"$(inherited)",
				);
				GCC_WARN_64_TO_32_BIT_CONVERSION = YES;
				GCC_WARN_ABOUT_RETURN_TYPE = YES_ERROR;
				GCC_WARN_UNDECLARED_SELECTOR = YES;
				GCC_WARN_UNINITIALIZED_AUTOS = YES_AGGRESSIVE;
				GCC_WARN_UNUSED_FUNCTION = YES;
				GCC_WARN_UNUSED_VARIABLE = YES;
				IPHONEOS_DEPLOYMENT_TARGET = 15.4;
				MTL_ENABLE_DEBUG_INFO = INCLUDE_SOURCE;
				MTL_FAST_MATH = YES;
				ONLY_ACTIVE_ARCH = YES;
				SDKROOT = iphoneos;
				SWIFT_ACTIVE_COMPILATION_CONDITIONS = DEBUG;
				SWIFT_OPTIMIZATION_LEVEL = "-Onone";
			};
			name = Debug;
		};
		CEAE40092858E35600A9DC51 /* Release */ = {
			isa = XCBuildConfiguration;
			buildSettings = {
				ALWAYS_SEARCH_USER_PATHS = NO;
				CLANG_ANALYZER_NONNULL = YES;
				CLANG_ANALYZER_NUMBER_OBJECT_CONVERSION = YES_AGGRESSIVE;
				CLANG_CXX_LANGUAGE_STANDARD = "gnu++17";
				CLANG_ENABLE_MODULES = YES;
				CLANG_ENABLE_OBJC_ARC = YES;
				CLANG_ENABLE_OBJC_WEAK = YES;
				CLANG_WARN_BLOCK_CAPTURE_AUTORELEASING = YES;
				CLANG_WARN_BOOL_CONVERSION = YES;
				CLANG_WARN_COMMA = YES;
				CLANG_WARN_CONSTANT_CONVERSION = YES;
				CLANG_WARN_DEPRECATED_OBJC_IMPLEMENTATIONS = YES;
				CLANG_WARN_DIRECT_OBJC_ISA_USAGE = YES_ERROR;
				CLANG_WARN_DOCUMENTATION_COMMENTS = YES;
				CLANG_WARN_EMPTY_BODY = YES;
				CLANG_WARN_ENUM_CONVERSION = YES;
				CLANG_WARN_INFINITE_RECURSION = YES;
				CLANG_WARN_INT_CONVERSION = YES;
				CLANG_WARN_NON_LITERAL_NULL_CONVERSION = YES;
				CLANG_WARN_OBJC_IMPLICIT_RETAIN_SELF = YES;
				CLANG_WARN_OBJC_LITERAL_CONVERSION = YES;
				CLANG_WARN_OBJC_ROOT_CLASS = YES_ERROR;
				CLANG_WARN_QUOTED_INCLUDE_IN_FRAMEWORK_HEADER = YES;
				CLANG_WARN_RANGE_LOOP_ANALYSIS = YES;
				CLANG_WARN_STRICT_PROTOTYPES = YES;
				CLANG_WARN_SUSPICIOUS_MOVE = YES;
				CLANG_WARN_UNGUARDED_AVAILABILITY = YES_AGGRESSIVE;
				CLANG_WARN_UNREACHABLE_CODE = YES;
				CLANG_WARN__DUPLICATE_METHOD_MATCH = YES;
				COPY_PHASE_STRIP = NO;
				DEBUG_INFORMATION_FORMAT = "dwarf-with-dsym";
				ENABLE_NS_ASSERTIONS = NO;
				ENABLE_STRICT_OBJC_MSGSEND = YES;
				GCC_C_LANGUAGE_STANDARD = gnu11;
				GCC_NO_COMMON_BLOCKS = YES;
				GCC_WARN_64_TO_32_BIT_CONVERSION = YES;
				GCC_WARN_ABOUT_RETURN_TYPE = YES_ERROR;
				GCC_WARN_UNDECLARED_SELECTOR = YES;
				GCC_WARN_UNINITIALIZED_AUTOS = YES_AGGRESSIVE;
				GCC_WARN_UNUSED_FUNCTION = YES;
				GCC_WARN_UNUSED_VARIABLE = YES;
				IPHONEOS_DEPLOYMENT_TARGET = 15.4;
				MTL_ENABLE_DEBUG_INFO = NO;
				MTL_FAST_MATH = YES;
				SDKROOT = iphoneos;
				SWIFT_COMPILATION_MODE = wholemodule;
				SWIFT_OPTIMIZATION_LEVEL = "-O";
				VALIDATE_PRODUCT = YES;
			};
			name = Release;
		};
		CEAE400B2858E35600A9DC51 /* Debug */ = {
			isa = XCBuildConfiguration;
			buildSettings = {
				ASSETCATALOG_COMPILER_APPICON_NAME = AppIcon;
				ASSETCATALOG_COMPILER_GLOBAL_ACCENT_COLOR_NAME = AccentColor;
				CODE_SIGN_STYLE = Automatic;
				CURRENT_PROJECT_VERSION = 1;
				DEVELOPMENT_TEAM = KV286R98C6;
				GENERATE_INFOPLIST_FILE = YES;
				INFOPLIST_FILE = TrailerFlix/Info.plist;
				INFOPLIST_KEY_UIApplicationSupportsIndirectInputEvents = YES;
				INFOPLIST_KEY_UILaunchStoryboardName = LaunchScreen;
				INFOPLIST_KEY_UIMainStoryboardFile = Main;
				INFOPLIST_KEY_UISupportedInterfaceOrientations_iPad = "UIInterfaceOrientationPortrait UIInterfaceOrientationPortraitUpsideDown UIInterfaceOrientationLandscapeLeft UIInterfaceOrientationLandscapeRight";
				INFOPLIST_KEY_UISupportedInterfaceOrientations_iPhone = "UIInterfaceOrientationPortrait UIInterfaceOrientationLandscapeLeft UIInterfaceOrientationLandscapeRight";
				LD_RUNPATH_SEARCH_PATHS = (
					"$(inherited)",
					"@executable_path/Frameworks",
				);
				MARKETING_VERSION = 1.0;
				PRODUCT_BUNDLE_IDENTIFIER = com.yasminOliveira.TrailerFlix;
				PRODUCT_NAME = "$(TARGET_NAME)";
				SWIFT_EMIT_LOC_STRINGS = YES;
				SWIFT_VERSION = 5.0;
				TARGETED_DEVICE_FAMILY = "1,2";
			};
			name = Debug;
		};
		CEAE400C2858E35600A9DC51 /* Release */ = {
			isa = XCBuildConfiguration;
			buildSettings = {
				ASSETCATALOG_COMPILER_APPICON_NAME = AppIcon;
				ASSETCATALOG_COMPILER_GLOBAL_ACCENT_COLOR_NAME = AccentColor;
				CODE_SIGN_STYLE = Automatic;
				CURRENT_PROJECT_VERSION = 1;
				DEVELOPMENT_TEAM = KV286R98C6;
				GENERATE_INFOPLIST_FILE = YES;
				INFOPLIST_FILE = TrailerFlix/Info.plist;
				INFOPLIST_KEY_UIApplicationSupportsIndirectInputEvents = YES;
				INFOPLIST_KEY_UILaunchStoryboardName = LaunchScreen;
				INFOPLIST_KEY_UIMainStoryboardFile = Main;
				INFOPLIST_KEY_UISupportedInterfaceOrientations_iPad = "UIInterfaceOrientationPortrait UIInterfaceOrientationPortraitUpsideDown UIInterfaceOrientationLandscapeLeft UIInterfaceOrientationLandscapeRight";
				INFOPLIST_KEY_UISupportedInterfaceOrientations_iPhone = "UIInterfaceOrientationPortrait UIInterfaceOrientationLandscapeLeft UIInterfaceOrientationLandscapeRight";
				LD_RUNPATH_SEARCH_PATHS = (
					"$(inherited)",
					"@executable_path/Frameworks",
				);
				MARKETING_VERSION = 1.0;
				PRODUCT_BUNDLE_IDENTIFIER = com.yasminOliveira.TrailerFlix;
				PRODUCT_NAME = "$(TARGET_NAME)";
				SWIFT_EMIT_LOC_STRINGS = YES;
				SWIFT_VERSION = 5.0;
				TARGETED_DEVICE_FAMILY = "1,2";
			};
			name = Release;
		};
/* End XCBuildConfiguration section */

/* Begin XCConfigurationList section */
		CEAE3FF12858E35200A9DC51 /* Build configuration list for PBXProject "TrailerFlix" */ = {
			isa = XCConfigurationList;
			buildConfigurations = (
				CEAE40082858E35600A9DC51 /* Debug */,
				CEAE40092858E35600A9DC51 /* Release */,
			);
			defaultConfigurationIsVisible = 0;
			defaultConfigurationName = Release;
		};
		CEAE400A2858E35600A9DC51 /* Build configuration list for PBXNativeTarget "TrailerFlix" */ = {
			isa = XCConfigurationList;
			buildConfigurations = (
				CEAE400B2858E35600A9DC51 /* Debug */,
				CEAE400C2858E35600A9DC51 /* Release */,
			);
			defaultConfigurationIsVisible = 0;
			defaultConfigurationName = Release;
		};
/* End XCConfigurationList section */
	};
	rootObject = CEAE3FEE2858E35200A9DC51 /* Project object */;
}
